// !$*UTF8*$!
{
	archiveVersion = 1;
	classes = {
	};
	objectVersion = 55;
	objects = {

/* Begin PBXBuildFile section */
		C4D9FC9428868E1300FC9513 /* contactLab4App.swift in Sources */ = {isa = PBXBuildFile; fileRef = C4D9FC9328868E1300FC9513 /* contactLab4App.swift */; };
		C4D9FC9628868E1300FC9513 /* CircleImage.swift in Sources */ = {isa = PBXBuildFile; fileRef = C4D9FC9528868E1300FC9513 /* CircleImage.swift */; };
		C4D9FC9828868E1600FC9513 /* Assets.xcassets in Resources */ = {isa = PBXBuildFile; fileRef = C4D9FC9728868E1600FC9513 /* Assets.xcassets */; };
		C4D9FC9B28868E1600FC9513 /* Preview Assets.xcassets in Resources */ = {isa = PBXBuildFile; fileRef = C4D9FC9A28868E1600FC9513 /* Preview Assets.xcassets */; };
		C4D9FCA82887BEB400FC9513 /* tom-huynh-contact-nomap.png in Resources */ = {isa = PBXBuildFile; fileRef = C4D9FCA22887BEB400FC9513 /* tom-huynh-contact-nomap.png */; };
		C4D9FCA92887BEB400FC9513 /* contact-list-home.png in Resources */ = {isa = PBXBuildFile; fileRef = C4D9FCA32887BEB400FC9513 /* contact-list-home.png */; };
		C4D9FCAA2887BEB400FC9513 /* SSET-contact.png in Resources */ = {isa = PBXBuildFile; fileRef = C4D9FCA42887BEB400FC9513 /* SSET-contact.png */; };
		C4D9FCAB2887BEB400FC9513 /* no-map-demo.gif in Resources */ = {isa = PBXBuildFile; fileRef = C4D9FCA52887BEB400FC9513 /* no-map-demo.gif */; };
		C4D9FCAC2887BEB400FC9513 /* tom-huynh-contact-map.png in Resources */ = {isa = PBXBuildFile; fileRef = C4D9FCA62887BEB400FC9513 /* tom-huynh-contact-map.png */; };
		C4D9FCAD2887BEB400FC9513 /* full-version-demo.gif in Resources */ = {isa = PBXBuildFile; fileRef = C4D9FCA72887BEB400FC9513 /* full-version-demo.gif */; };
		C4D9FCB02887C11800FC9513 /* ContentView.swift in Sources */ = {isa = PBXBuildFile; fileRef = C4D9FCAF2887C11800FC9513 /* ContentView.swift */; };
		C4D9FCB22887D54100FC9513 /* ContactRow.swift in Sources */ = {isa = PBXBuildFile; fileRef = C4D9FCB12887D54000FC9513 /* ContactRow.swift */; };
		C4D9FCB52887DA2000FC9513 /* ColorConstants.swift in Sources */ = {isa = PBXBuildFile; fileRef = C4D9FCB42887DA2000FC9513 /* ColorConstants.swift */; };
		C4D9FCB72887DA6500FC9513 /* Contact.swift in Sources */ = {isa = PBXBuildFile; fileRef = C4D9FCB62887DA6500FC9513 /* Contact.swift */; };
		C4D9FCB92888056200FC9513 /* ModelData.swift in Sources */ = {isa = PBXBuildFile; fileRef = C4D9FCB82888056200FC9513 /* ModelData.swift */; };
		C4D9FCBB2888131000FC9513 /* InfoView.swift in Sources */ = {isa = PBXBuildFile; fileRef = C4D9FCBA2888131000FC9513 /* InfoView.swift */; };
/* End PBXBuildFile section */

/* Begin PBXFileReference section */
		C4D9FC9028868E1300FC9513 /* contactLab4.app */ = {isa = PBXFileReference; explicitFileType = wrapper.application; includeInIndex = 0; path = contactLab4.app; sourceTree = BUILT_PRODUCTS_DIR; };
		C4D9FC9328868E1300FC9513 /* contactLab4App.swift */ = {isa = PBXFileReference; lastKnownFileType = sourcecode.swift; path = contactLab4App.swift; sourceTree = "<group>"; };
		C4D9FC9528868E1300FC9513 /* CircleImage.swift */ = {isa = PBXFileReference; lastKnownFileType = sourcecode.swift; path = CircleImage.swift; sourceTree = "<group>"; };
		C4D9FC9728868E1600FC9513 /* Assets.xcassets */ = {isa = PBXFileReference; lastKnownFileType = folder.assetcatalog; path = Assets.xcassets; sourceTree = "<group>"; };
		C4D9FC9A28868E1600FC9513 /* Preview Assets.xcassets */ = {isa = PBXFileReference; lastKnownFileType = folder.assetcatalog; path = "Preview Assets.xcassets"; sourceTree = "<group>"; };
		C4D9FCA22887BEB400FC9513 /* tom-huynh-contact-nomap.png */ = {isa = PBXFileReference; lastKnownFileType = image.png; path = "tom-huynh-contact-nomap.png"; sourceTree = "<group>"; };
		C4D9FCA32887BEB400FC9513 /* contact-list-home.png */ = {isa = PBXFileReference; lastKnownFileType = image.png; path = "contact-list-home.png"; sourceTree = "<group>"; };
		C4D9FCA42887BEB400FC9513 /* SSET-contact.png */ = {isa = PBXFileReference; lastKnownFileType = image.png; path = "SSET-contact.png"; sourceTree = "<group>"; };
		C4D9FCA52887BEB400FC9513 /* no-map-demo.gif */ = {isa = PBXFileReference; lastKnownFileType = image.gif; path = "no-map-demo.gif"; sourceTree = "<group>"; };
		C4D9FCA62887BEB400FC9513 /* tom-huynh-contact-map.png */ = {isa = PBXFileReference; lastKnownFileType = image.png; path = "tom-huynh-contact-map.png"; sourceTree = "<group>"; };
		C4D9FCA72887BEB400FC9513 /* full-version-demo.gif */ = {isa = PBXFileReference; lastKnownFileType = image.gif; path = "full-version-demo.gif"; sourceTree = "<group>"; };
		C4D9FCAF2887C11800FC9513 /* ContentView.swift */ = {isa = PBXFileReference; lastKnownFileType = sourcecode.swift; path = ContentView.swift; sourceTree = "<group>"; };
		C4D9FCB12887D54000FC9513 /* ContactRow.swift */ = {isa = PBXFileReference; lastKnownFileType = sourcecode.swift; path = ContactRow.swift; sourceTree = "<group>"; };
		C4D9FCB42887DA2000FC9513 /* ColorConstants.swift */ = {isa = PBXFileReference; lastKnownFileType = sourcecode.swift; path = ColorConstants.swift; sourceTree = "<group>"; };
		C4D9FCB62887DA6500FC9513 /* Contact.swift */ = {isa = PBXFileReference; lastKnownFileType = sourcecode.swift; path = Contact.swift; sourceTree = "<group>"; };
		C4D9FCB82888056200FC9513 /* ModelData.swift */ = {isa = PBXFileReference; lastKnownFileType = sourcecode.swift; path = ModelData.swift; sourceTree = "<group>"; };
		C4D9FCBA2888131000FC9513 /* InfoView.swift */ = {isa = PBXFileReference; lastKnownFileType = sourcecode.swift; path = InfoView.swift; sourceTree = "<group>"; };
/* End PBXFileReference section */

/* Begin PBXFrameworksBuildPhase section */
		C4D9FC8D28868E1300FC9513 /* Frameworks */ = {
			isa = PBXFrameworksBuildPhase;
			buildActionMask = 2147483647;
			files = (
			);
			runOnlyForDeploymentPostprocessing = 0;
		};
/* End PBXFrameworksBuildPhase section */

/* Begin PBXGroup section */
		C4D9FC8728868E1300FC9513 = {
			isa = PBXGroup;
			children = (
				C4D9FCA12887BEB400FC9513 /* screenshots */,
				C4D9FC9228868E1300FC9513 /* contactLab4 */,
				C4D9FC9128868E1300FC9513 /* Products */,
			);
			sourceTree = "<group>";
		};
		C4D9FC9128868E1300FC9513 /* Products */ = {
			isa = PBXGroup;
			children = (
				C4D9FC9028868E1300FC9513 /* contactLab4.app */,
			);
			name = Products;
			sourceTree = "<group>";
		};
		C4D9FC9228868E1300FC9513 /* contactLab4 */ = {
			isa = PBXGroup;
			children = (
				C4D9FCB32887D9E500FC9513 /* Model */,
				C4D9FCAE2887BEEA00FC9513 /* Views */,
				C4D9FC9328868E1300FC9513 /* contactLab4App.swift */,
				C4D9FC9728868E1600FC9513 /* Assets.xcassets */,
				C4D9FC9928868E1600FC9513 /* Preview Content */,
			);
			path = contactLab4;
			sourceTree = "<group>";
		};
		C4D9FC9928868E1600FC9513 /* Preview Content */ = {
			isa = PBXGroup;
			children = (
				C4D9FC9A28868E1600FC9513 /* Preview Assets.xcassets */,
			);
			path = "Preview Content";
			sourceTree = "<group>";
		};
		C4D9FCA12887BEB400FC9513 /* screenshots */ = {
			isa = PBXGroup;
			children = (
				C4D9FCA22887BEB400FC9513 /* tom-huynh-contact-nomap.png */,
				C4D9FCA32887BEB400FC9513 /* contact-list-home.png */,
				C4D9FCA42887BEB400FC9513 /* SSET-contact.png */,
				C4D9FCA52887BEB400FC9513 /* no-map-demo.gif */,
				C4D9FCA62887BEB400FC9513 /* tom-huynh-contact-map.png */,
				C4D9FCA72887BEB400FC9513 /* full-version-demo.gif */,
			);
			path = screenshots;
			sourceTree = "<group>";
		};
		C4D9FCAE2887BEEA00FC9513 /* Views */ = {
			isa = PBXGroup;
			children = (
				C4D9FC9528868E1300FC9513 /* CircleImage.swift */,
				C4D9FCAF2887C11800FC9513 /* ContentView.swift */,
				C4D9FCB12887D54000FC9513 /* ContactRow.swift */,
				C4D9FCBA2888131000FC9513 /* InfoView.swift */,
			);
			path = Views;
			sourceTree = "<group>";
		};
		C4D9FCB32887D9E500FC9513 /* Model */ = {
			isa = PBXGroup;
			children = (
				C4D9FCB42887DA2000FC9513 /* ColorConstants.swift */,
				C4D9FCB62887DA6500FC9513 /* Contact.swift */,
				C4D9FCB82888056200FC9513 /* ModelData.swift */,
			);
			path = Model;
			sourceTree = "<group>";
		};
/* End PBXGroup section */

/* Begin PBXNativeTarget section */
		C4D9FC8F28868E1300FC9513 /* contactLab4 */ = {
			isa = PBXNativeTarget;
			buildConfigurationList = C4D9FC9E28868E1600FC9513 /* Build configuration list for PBXNativeTarget "contactLab4" */;
			buildPhases = (
				C4D9FC8C28868E1300FC9513 /* Sources */,
				C4D9FC8D28868E1300FC9513 /* Frameworks */,
				C4D9FC8E28868E1300FC9513 /* Resources */,
			);
			buildRules = (
			);
			dependencies = (
			);
			name = contactLab4;
			productName = contactLab4;
			productReference = C4D9FC9028868E1300FC9513 /* contactLab4.app */;
			productType = "com.apple.product-type.application";
		};
/* End PBXNativeTarget section */

/* Begin PBXProject section */
		C4D9FC8828868E1300FC9513 /* Project object */ = {
			isa = PBXProject;
			attributes = {
				BuildIndependentTargetsInParallel = 1;
				LastSwiftUpdateCheck = 1340;
				LastUpgradeCheck = 1340;
				TargetAttributes = {
					C4D9FC8F28868E1300FC9513 = {
						CreatedOnToolsVersion = 13.4.1;
					};
				};
			};
			buildConfigurationList = C4D9FC8B28868E1300FC9513 /* Build configuration list for PBXProject "contactLab4" */;
			compatibilityVersion = "Xcode 13.0";
			developmentRegion = en;
			hasScannedForEncodings = 0;
			knownRegions = (
				en,
				Base,
			);
			mainGroup = C4D9FC8728868E1300FC9513;
			productRefGroup = C4D9FC9128868E1300FC9513 /* Products */;
			projectDirPath = "";
			projectRoot = "";
			targets = (
				C4D9FC8F28868E1300FC9513 /* contactLab4 */,
			);
		};
/* End PBXProject section */

/* Begin PBXResourcesBuildPhase section */
		C4D9FC8E28868E1300FC9513 /* Resources */ = {
			isa = PBXResourcesBuildPhase;
			buildActionMask = 2147483647;
			files = (
				C4D9FC9B28868E1600FC9513 /* Preview Assets.xcassets in Resources */,
				C4D9FCAD2887BEB400FC9513 /* full-version-demo.gif in Resources */,
				C4D9FC9828868E1600FC9513 /* Assets.xcassets in Resources */,
				C4D9FCA82887BEB400FC9513 /* tom-huynh-contact-nomap.png in Resources */,
				C4D9FCAC2887BEB400FC9513 /* tom-huynh-contact-map.png in Resources */,
				C4D9FCAB2887BEB400FC9513 /* no-map-demo.gif in Resources */,
				C4D9FCA92887BEB400FC9513 /* contact-list-home.png in Resources */,
				C4D9FCAA2887BEB400FC9513 /* SSET-contact.png in Resources */,
			);
			runOnlyForDeploymentPostprocessing = 0;
		};
/* End PBXResourcesBuildPhase section */

/* Begin PBXSourcesBuildPhase section */
		C4D9FC8C28868E1300FC9513 /* Sources */ = {
			isa = PBXSourcesBuildPhase;
			buildActionMask = 2147483647;
			files = (
				C4D9FCBB2888131000FC9513 /* InfoView.swift in Sources */,
				C4D9FCB72887DA6500FC9513 /* Contact.swift in Sources */,
				C4D9FC9628868E1300FC9513 /* CircleImage.swift in Sources */,
				C4D9FC9428868E1300FC9513 /* contactLab4App.swift in Sources */,
				C4D9FCB02887C11800FC9513 /* ContentView.swift in Sources */,
				C4D9FCB52887DA2000FC9513 /* ColorConstants.swift in Sources */,
				C4D9FCB22887D54100FC9513 /* ContactRow.swift in Sources */,
				C4D9FCB92888056200FC9513 /* ModelData.swift in Sources */,
			);
			runOnlyForDeploymentPostprocessing = 0;
		};
/* End PBXSourcesBuildPhase section */

/* Begin XCBuildConfiguration section */
		C4D9FC9C28868E1600FC9513 /* Debug */ = {
			isa = XCBuildConfiguration;
			buildSettings = {
				ALWAYS_SEARCH_USER_PATHS = NO;
				CLANG_ANALYZER_NONNULL = YES;
				CLANG_ANALYZER_NUMBER_OBJECT_CONVERSION = YES_AGGRESSIVE;
				CLANG_CXX_LANGUAGE_STANDARD = "gnu++17";
				CLANG_ENABLE_MODULES = YES;
				CLANG_ENABLE_OBJC_ARC = YES;
				CLANG_ENABLE_OBJC_WEAK = YES;
				CLANG_WARN_BLOCK_CAPTURE_AUTORELEASING = YES;
				CLANG_WARN_BOOL_CONVERSION = YES;
				CLANG_WARN_COMMA = YES;
				CLANG_WARN_CONSTANT_CONVERSION = YES;
				CLANG_WARN_DEPRECATED_OBJC_IMPLEMENTATIONS = YES;
				CLANG_WARN_DIRECT_OBJC_ISA_USAGE = YES_ERROR;
				CLANG_WARN_DOCUMENTATION_COMMENTS = YES;
				CLANG_WARN_EMPTY_BODY = YES;
				CLANG_WARN_ENUM_CONVERSION = YES;
				CLANG_WARN_INFINITE_RECURSION = YES;
				CLANG_WARN_INT_CONVERSION = YES;
				CLANG_WARN_NON_LITERAL_NULL_CONVERSION = YES;
				CLANG_WARN_OBJC_IMPLICIT_RETAIN_SELF = YES;
				CLANG_WARN_OBJC_LITERAL_CONVERSION = YES;
				CLANG_WARN_OBJC_ROOT_CLASS = YES_ERROR;
				CLANG_WARN_QUOTED_INCLUDE_IN_FRAMEWORK_HEADER = YES;
				CLANG_WARN_RANGE_LOOP_ANALYSIS = YES;
				CLANG_WARN_STRICT_PROTOTYPES = YES;
				CLANG_WARN_SUSPICIOUS_MOVE = YES;
				CLANG_WARN_UNGUARDED_AVAILABILITY = YES_AGGRESSIVE;
				CLANG_WARN_UNREACHABLE_CODE = YES;
				CLANG_WARN__DUPLICATE_METHOD_MATCH = YES;
				COPY_PHASE_STRIP = NO;
				DEBUG_INFORMATION_FORMAT = dwarf;
				ENABLE_STRICT_OBJC_MSGSEND = YES;
				ENABLE_TESTABILITY = YES;
				GCC_C_LANGUAGE_STANDARD = gnu11;
				GCC_DYNAMIC_NO_PIC = NO;
				GCC_NO_COMMON_BLOCKS = YES;
				GCC_OPTIMIZATION_LEVEL = 0;
				GCC_PREPROCESSOR_DEFINITIONS = (
					"DEBUG=1",
					"$(inherited)",
				);
				GCC_WARN_64_TO_32_BIT_CONVERSION = YES;
				GCC_WARN_ABOUT_RETURN_TYPE = YES_ERROR;
				GCC_WARN_UNDECLARED_SELECTOR = YES;
				GCC_WARN_UNINITIALIZED_AUTOS = YES_AGGRESSIVE;
				GCC_WARN_UNUSED_FUNCTION = YES;
				GCC_WARN_UNUSED_VARIABLE = YES;
				IPHONEOS_DEPLOYMENT_TARGET = 15.5;
				MTL_ENABLE_DEBUG_INFO = INCLUDE_SOURCE;
				MTL_FAST_MATH = YES;
				ONLY_ACTIVE_ARCH = YES;
				SDKROOT = iphoneos;
				SWIFT_ACTIVE_COMPILATION_CONDITIONS = DEBUG;
				SWIFT_OPTIMIZATION_LEVEL = "-Onone";
			};
			name = Debug;
		};
		C4D9FC9D28868E1600FC9513 /* Release */ = {
			isa = XCBuildConfiguration;
			buildSettings = {
				ALWAYS_SEARCH_USER_PATHS = NO;
				CLANG_ANALYZER_NONNULL = YES;
				CLANG_ANALYZER_NUMBER_OBJECT_CONVERSION = YES_AGGRESSIVE;
				CLANG_CXX_LANGUAGE_STANDARD = "gnu++17";
				CLANG_ENABLE_MODULES = YES;
				CLANG_ENABLE_OBJC_ARC = YES;
				CLANG_ENABLE_OBJC_WEAK = YES;
				CLANG_WARN_BLOCK_CAPTURE_AUTORELEASING = YES;
				CLANG_WARN_BOOL_CONVERSION = YES;
				CLANG_WARN_COMMA = YES;
				CLANG_WARN_CONSTANT_CONVERSION = YES;
				CLANG_WARN_DEPRECATED_OBJC_IMPLEMENTATIONS = YES;
				CLANG_WARN_DIRECT_OBJC_ISA_USAGE = YES_ERROR;
				CLANG_WARN_DOCUMENTATION_COMMENTS = YES;
				CLANG_WARN_EMPTY_BODY = YES;
				CLANG_WARN_ENUM_CONVERSION = YES;
				CLANG_WARN_INFINITE_RECURSION = YES;
				CLANG_WARN_INT_CONVERSION = YES;
				CLANG_WARN_NON_LITERAL_NULL_CONVERSION = YES;
				CLANG_WARN_OBJC_IMPLICIT_RETAIN_SELF = YES;
				CLANG_WARN_OBJC_LITERAL_CONVERSION = YES;
				CLANG_WARN_OBJC_ROOT_CLASS = YES_ERROR;
				CLANG_WARN_QUOTED_INCLUDE_IN_FRAMEWORK_HEADER = YES;
				CLANG_WARN_RANGE_LOOP_ANALYSIS = YES;
				CLANG_WARN_STRICT_PROTOTYPES = YES;
				CLANG_WARN_SUSPICIOUS_MOVE = YES;
				CLANG_WARN_UNGUARDED_AVAILABILITY = YES_AGGRESSIVE;
				CLANG_WARN_UNREACHABLE_CODE = YES;
				CLANG_WARN__DUPLICATE_METHOD_MATCH = YES;
				COPY_PHASE_STRIP = NO;
				DEBUG_INFORMATION_FORMAT = "dwarf-with-dsym";
				ENABLE_NS_ASSERTIONS = NO;
				ENABLE_STRICT_OBJC_MSGSEND = YES;
				GCC_C_LANGUAGE_STANDARD = gnu11;
				GCC_NO_COMMON_BLOCKS = YES;
				GCC_WARN_64_TO_32_BIT_CONVERSION = YES;
				GCC_WARN_ABOUT_RETURN_TYPE = YES_ERROR;
				GCC_WARN_UNDECLARED_SELECTOR = YES;
				GCC_WARN_UNINITIALIZED_AUTOS = YES_AGGRESSIVE;
				GCC_WARN_UNUSED_FUNCTION = YES;
				GCC_WARN_UNUSED_VARIABLE = YES;
				IPHONEOS_DEPLOYMENT_TARGET = 15.5;
				MTL_ENABLE_DEBUG_INFO = NO;
				MTL_FAST_MATH = YES;
				SDKROOT = iphoneos;
				SWIFT_COMPILATION_MODE = wholemodule;
				SWIFT_OPTIMIZATION_LEVEL = "-O";
				VALIDATE_PRODUCT = YES;
			};
			name = Release;
		};
		C4D9FC9F28868E1600FC9513 /* Debug */ = {
			isa = XCBuildConfiguration;
			buildSettings = {
				ASSETCATALOG_COMPILER_APPICON_NAME = AppIcon;
				ASSETCATALOG_COMPILER_GLOBAL_ACCENT_COLOR_NAME = AccentColor;
				CODE_SIGN_STYLE = Automatic;
				CURRENT_PROJECT_VERSION = 1;
				DEVELOPMENT_ASSET_PATHS = "\"contactLab4/Preview Content\"";
				ENABLE_PREVIEWS = YES;
				GENERATE_INFOPLIST_FILE = YES;
				INFOPLIST_KEY_UIApplicationSceneManifest_Generation = YES;
				INFOPLIST_KEY_UIApplicationSupportsIndirectInputEvents = YES;
				INFOPLIST_KEY_UILaunchScreen_Generation = YES;
				INFOPLIST_KEY_UISupportedInterfaceOrientations_iPad = "UIInterfaceOrientationPortrait UIInterfaceOrientationPortraitUpsideDown UIInterfaceOrientationLandscapeLeft UIInterfaceOrientationLandscapeRight";
				INFOPLIST_KEY_UISupportedInterfaceOrientations_iPhone = "UIInterfaceOrientationPortrait UIInterfaceOrientationLandscapeLeft UIInterfaceOrientationLandscapeRight";
				LD_RUNPATH_SEARCH_PATHS = (
					"$(inherited)",
					"@executable_path/Frameworks",
				);
				MARKETING_VERSION = 1.0;
				PRODUCT_BUNDLE_IDENTIFIER = com.iosProg.linh.contactLab4;
				PRODUCT_NAME = "$(TARGET_NAME)";
				SWIFT_EMIT_LOC_STRINGS = YES;
				SWIFT_VERSION = 5.0;
				TARGETED_DEVICE_FAMILY = "1,2";
			};
			name = Debug;
		};
		C4D9FCA028868E1600FC9513 /* Release */ = {
			isa = XCBuildConfiguration;
			buildSettings = {
				ASSETCATALOG_COMPILER_APPICON_NAME = AppIcon;
				ASSETCATALOG_COMPILER_GLOBAL_ACCENT_COLOR_NAME = AccentColor;
				CODE_SIGN_STYLE = Automatic;
				CURRENT_PROJECT_VERSION = 1;
				DEVELOPMENT_ASSET_PATHS = "\"contactLab4/Preview Content\"";
				ENABLE_PREVIEWS = YES;
				GENERATE_INFOPLIST_FILE = YES;
				INFOPLIST_KEY_UIApplicationSceneManifest_Generation = YES;
				INFOPLIST_KEY_UIApplicationSupportsIndirectInputEvents = YES;
				INFOPLIST_KEY_UILaunchScreen_Generation = YES;
				INFOPLIST_KEY_UISupportedInterfaceOrientations_iPad = "UIInterfaceOrientationPortrait UIInterfaceOrientationPortraitUpsideDown UIInterfaceOrientationLandscapeLeft UIInterfaceOrientationLandscapeRight";
				INFOPLIST_KEY_UISupportedInterfaceOrientations_iPhone = "UIInterfaceOrientationPortrait UIInterfaceOrientationLandscapeLeft UIInterfaceOrientationLandscapeRight";
				LD_RUNPATH_SEARCH_PATHS = (
					"$(inherited)",
					"@executable_path/Frameworks",
				);
				MARKETING_VERSION = 1.0;
				PRODUCT_BUNDLE_IDENTIFIER = com.iosProg.linh.contactLab4;
				PRODUCT_NAME = "$(TARGET_NAME)";
				SWIFT_EMIT_LOC_STRINGS = YES;
				SWIFT_VERSION = 5.0;
				TARGETED_DEVICE_FAMILY = "1,2";
			};
			name = Release;
		};
/* End XCBuildConfiguration section */

/* Begin XCConfigurationList section */
		C4D9FC8B28868E1300FC9513 /* Build configuration list for PBXProject "contactLab4" */ = {
			isa = XCConfigurationList;
			buildConfigurations = (
				C4D9FC9C28868E1600FC9513 /* Debug */,
				C4D9FC9D28868E1600FC9513 /* Release */,
			);
			defaultConfigurationIsVisible = 0;
			defaultConfigurationName = Release;
		};
		C4D9FC9E28868E1600FC9513 /* Build configuration list for PBXNativeTarget "contactLab4" */ = {
			isa = XCConfigurationList;
			buildConfigurations = (
				C4D9FC9F28868E1600FC9513 /* Debug */,
				C4D9FCA028868E1600FC9513 /* Release */,
			);
			defaultConfigurationIsVisible = 0;
			defaultConfigurationName = Release;
		};
/* End XCConfigurationList section */
	};
	rootObject = C4D9FC8828868E1300FC9513 /* Project object */;
}
